
Microsoft Visual Studio Solution File, Format Version 12.00
# Visual Studio Version 17
VisualStudioVersion = 17.7.34009.444
MinimumVisualStudioVersion = 10.0.40219.1
Project("{FAE04EC0-301F-11D3-BF4B-00C04F79EFBC}") = "Shopping", "Shopping\Shopping.csproj", "{A05F36D0-35AB-4B26-AAA5-F61FD20B5311}"
EndProject
Global
	GlobalSection(SolutionConfigurationPlatforms) = preSolution
		Debug|Any CPU = Debug|Any CPU
		Release|Any CPU = Release|Any CPU
	EndGlobalSection
	GlobalSection(ProjectConfigurationPlatforms) = postSolution
		{A05F36D0-35AB-4B26-AAA5-F61FD20B5311}.Debug|Any CPU.ActiveCfg = Debug|Any CPU
		{A05F36D0-35AB-4B26-AAA5-F61FD20B5311}.Debug|Any CPU.Build.0 = Debug|Any CPU
		{A05F36D0-35AB-4B26-AAA5-F61FD20B5311}.Release|Any CPU.ActiveCfg = Release|Any CPU
		{A05F36D0-35AB-4B26-AAA5-F61FD20B5311}.Release|Any CPU.Build.0 = Release|Any CPU
	EndGlobalSection
	GlobalSection(SolutionProperties) = preSolution
		HideSolutionNode = FALSE
	EndGlobalSection
	GlobalSection(ExtensibilityGlobals) = postSolution
		SolutionGuid = {13A7E351-6609-4D39-B2A2-B6EFD4684A25}
	EndGlobalSection
EndGlobal
